
Microsoft Visual Studio Solution File, Format Version 12.00
# Visual Studio Version 17
VisualStudioVersion = 17.11.35312.102
MinimumVisualStudioVersion = 10.0.40219.1
Project("{FAE04EC0-301F-11D3-BF4B-00C04F79EFBC}") = "HomeWork 4.1", "HomeWork 4.1.csproj", "{FB273296-2048-4E6F-BD87-A3659A98C819}"
EndProject
Project("{FAE04EC0-301F-11D3-BF4B-00C04F79EFBC}") = "HomeWork 4.2", "..\HomeWork 4.2\HomeWork 4.2.csproj", "{C44087E3-C4E0-415B-AC89-5600B1A740D8}"
EndProject
Global
	GlobalSection(SolutionConfigurationPlatforms) = preSolution
		Debug|Any CPU = Debug|Any CPU
		Release|Any CPU = Release|Any CPU
	EndGlobalSection
	GlobalSection(ProjectConfigurationPlatforms) = postSolution
		{FB273296-2048-4E6F-BD87-A3659A98C819}.Debug|Any CPU.ActiveCfg = Debug|Any CPU
		{FB273296-2048-4E6F-BD87-A3659A98C819}.Debug|Any CPU.Build.0 = Debug|Any CPU
		{FB273296-2048-4E6F-BD87-A3659A98C819}.Release|Any CPU.ActiveCfg = Release|Any CPU
		{FB273296-2048-4E6F-BD87-A3659A98C819}.Release|Any CPU.Build.0 = Release|Any CPU
		{C44087E3-C4E0-415B-AC89-5600B1A740D8}.Debug|Any CPU.ActiveCfg = Debug|Any CPU
		{C44087E3-C4E0-415B-AC89-5600B1A740D8}.Debug|Any CPU.Build.0 = Debug|Any CPU
		{C44087E3-C4E0-415B-AC89-5600B1A740D8}.Release|Any CPU.ActiveCfg = Release|Any CPU
		{C44087E3-C4E0-415B-AC89-5600B1A740D8}.Release|Any CPU.Build.0 = Release|Any CPU
	EndGlobalSection
	GlobalSection(SolutionProperties) = preSolution
		HideSolutionNode = FALSE
	EndGlobalSection
	GlobalSection(ExtensibilityGlobals) = postSolution
		SolutionGuid = {3B566B32-E6F3-47F3-A674-1F6D7313023C}
	EndGlobalSection
EndGlobal
